
Microsoft Visual Studio Solution File, Format Version 12.00
# Visual Studio 2013
VisualStudioVersion = 12.0.31101.0
MinimumVisualStudioVersion = 10.0.40219.1
Project("{8BC9CEB8-8B4A-11D0-8D11-00A0C91BC942}") = "IndexAGS", "IndexAGS\IndexAGS.vcxproj", "{F71EC759-59F7-4FC8-B8AF-04F59D88BBF1}"
EndProject
Project("{8BC9CEB8-8B4A-11D0-8D11-00A0C91BC942}") = "AGSTest", "AGSTest\AGSTest.vcxproj", "{0F6B06D2-41C9-42AD-AFA1-451953DB1CB6}"
	ProjectSection(ProjectDependencies) = postProject
		{F71EC759-59F7-4FC8-B8AF-04F59D88BBF1} = {F71EC759-59F7-4FC8-B8AF-04F59D88BBF1}
	EndProjectSection
EndProject
Global
	GlobalSection(SolutionConfigurationPlatforms) = preSolution
		Debug|Win32 = Debug|Win32
		Release|Win32 = Release|Win32
	EndGlobalSection
	GlobalSection(ProjectConfigurationPlatforms) = postSolution
		{F71EC759-59F7-4FC8-B8AF-04F59D88BBF1}.Debug|Win32.ActiveCfg = Debug|Win32
		{F71EC759-59F7-4FC8-B8AF-04F59D88BBF1}.Debug|Win32.Build.0 = Debug|Win32
		{F71EC759-59F7-4FC8-B8AF-04F59D88BBF1}.Release|Win32.ActiveCfg = Release|Win32
		{F71EC759-59F7-4FC8-B8AF-04F59D88BBF1}.Release|Win32.Build.0 = Release|Win32
		{0F6B06D2-41C9-42AD-AFA1-451953DB1CB6}.Debug|Win32.ActiveCfg = Debug|Win32
		{0F6B06D2-41C9-42AD-AFA1-451953DB1CB6}.Debug|Win32.Build.0 = Debug|Win32
		{0F6B06D2-41C9-42AD-AFA1-451953DB1CB6}.Release|Win32.ActiveCfg = Release|Win32
		{0F6B06D2-41C9-42AD-AFA1-451953DB1CB6}.Release|Win32.Build.0 = Release|Win32
	EndGlobalSection
	GlobalSection(SolutionProperties) = preSolution
		HideSolutionNode = FALSE
	EndGlobalSection
EndGlobal
