<?xml version="1.0" encoding="utf-8"?>
<Project ToolsVersion="4.0" xmlns="http://schemas.microsoft.com/developer/msbuild/2003">
  <ItemGroup>
    <Filter Include="Source Files">
      <UniqueIdentifier>{4FC737F1-C7A5-4376-A066-2A32D752A2FF}</UniqueIdentifier>
      <Extensions>cpp;c;cc;cxx;def;odl;idl;hpj;bat;asm;asmx</Extensions>
    </Filter>
    <Filter Include="Header Files">
      <UniqueIdentifier>{93995380-89BD-4b04-88EB-625FBE52EBFB}</UniqueIdentifier>
      <Extensions>h;hh;hpp;hxx;hm;inl;inc;xsd</Extensions>
    </Filter>
    <Filter Include="Resource Files">
      <UniqueIdentifier>{67DA6AB6-F800-4c08-8B7A-83BB121AAD01}</UniqueIdentifier>
      <Extensions>rc;ico;cur;bmp;dlg;rc2;rct;bin;rgs;gif;jpg;jpeg;jpe;resx;tiff;tif;png;wav;mfcribbon-ms</Extensions>
    </Filter>
  </ItemGroup>
  <ItemGroup>
    <Text Include="ReadMe.txt" />
  </ItemGroup>
  <ItemGroup>
    <ClInclude Include="OptimizerAlgorithm.hpp">
      <Filter>Header Files</Filter>
    </ClInclude>
    <ClInclude Include="OptimizerCoreGlobal.hpp">
      <Filter>Header Files</Filter>
    </ClInclude>
    <ClInclude Include="OptimizerDataStructures.hpp">
      <Filter>Header Files</Filter>
    </ClInclude>
    <ClInclude Include="CoreUtils.hpp">
      <Filter>Header Files</Filter>
    </ClInclude>
    <ClInclude Include="OptimizerFunction.hpp">
      <Filter>Header Files</Filter>
    </ClInclude>
    <ClInclude Include="OptimizerResult.hpp">
      <Filter>Header Files</Filter>
    </ClInclude>
    <ClInclude Include="OptimizerSolution.hpp">
      <Filter>Header Files</Filter>
    </ClInclude>
    <ClInclude Include="OptimizerSearchSequence.hpp">
      <Filter>Header Files</Filter>
    </ClInclude>
    <ClInclude Include="OptimizerTask.hpp">
      <Filter>Header Files</Filter>
    </ClInclude>
    <ClInclude Include="OptimizerSearchInformationStorage.hpp">
      <Filter>Header Files</Filter>
    </ClInclude>
    <ClInclude Include="HookeJeevesLocalMethod.hpp">
      <Filter>Header Files</Filter>
    </ClInclude>
    <ClInclude Include="LocalMethodCommon.hpp">
      <Filter>Header Files</Filter>
    </ClInclude>
    <ClInclude Include="OptimizerSpaceTransformation.hpp">
      <Filter>Header Files</Filter>
    </ClInclude>
    <ClInclude Include="OptimizerSTLFunctionWrapper.hpp">
      <Filter>Header Files</Filter>
    </ClInclude>
    <ClInclude Include="OptimizerAlgorithmUnconstrained.hpp">
      <Filter>Header Files</Filter>
    </ClInclude>
    <ClInclude Include="OptimizerMultiMap.hpp">
      <Filter>Header Files</Filter>
    </ClInclude>
    <ClInclude Include="Map.hpp">
      <Filter>Header Files</Filter>
    </ClInclude>
    <ClInclude Include="OptimizerQueue.hpp">
      <Filter>Header Files</Filter>
    </ClInclude>
    <ClInclude Include="OptimizerMap.hpp">
      <Filter>Header Files</Filter>
    </ClInclude>
  </ItemGroup>
  <ItemGroup>
    <ClCompile Include="CoreUtils.cpp">
      <Filter>Source Files</Filter>
    </ClCompile>
    <ClCompile Include="X_to_y.cpp">
      <Filter>Source Files</Filter>
    </ClCompile>
    <ClCompile Include="Y_to_x.cpp">
      <Filter>Source Files</Filter>
    </ClCompile>
    <ClCompile Include="main.cpp">
      <Filter>Source Files</Filter>
    </ClCompile>
    <ClCompile Include="OptimizerSearchSequence.cpp">
      <Filter>Source Files</Filter>
    </ClCompile>
    <ClCompile Include="OptimizerDataStructures.cpp">
      <Filter>Source Files</Filter>
    </ClCompile>
    <ClCompile Include="OptimizerAlgorithm.cpp">
      <Filter>Source Files</Filter>
    </ClCompile>
    <ClCompile Include="OptimizerResult.cpp">
      <Filter>Source Files</Filter>
    </ClCompile>
    <ClCompile Include="OptimizerSolution.cpp">
      <Filter>Source Files</Filter>
    </ClCompile>
    <ClCompile Include="OptimizerTask.cpp">
      <Filter>Source Files</Filter>
    </ClCompile>
    <ClCompile Include="OptimizerSearchInformationStorage.cpp">
      <Filter>Source Files</Filter>
    </ClCompile>
    <ClCompile Include="OptimizerSpaceTransformation.cpp">
      <Filter>Source Files</Filter>
    </ClCompile>
    <ClCompile Include="OptimizerSTLFunctionWrapper.cpp">
      <Filter>Source Files</Filter>
    </ClCompile>
    <ClCompile Include="HookeJeevesLocalMethod.cpp">
      <Filter>Source Files</Filter>
    </ClCompile>
    <ClCompile Include="OptimizerAlgorithmUnconstrained.cpp">
      <Filter>Source Files</Filter>
    </ClCompile>
    <ClCompile Include="OptimizerMultiMap.cpp">
      <Filter>Source Files</Filter>
    </ClCompile>
    <ClCompile Include="OptimizerQueue.cpp">
      <Filter>Source Files</Filter>
    </ClCompile>
    <ClCompile Include="OptimizerMap.cpp">
      <Filter>Source Files</Filter>
    </ClCompile>
  </ItemGroup>
</Project>